// !$*UTF8*$!
{
	archiveVersion = 1;
	classes = {
	};
	objectVersion = 56;
	objects = {

/* Begin PBXBuildFile section */
		B84ADAC92C1ACA460077648C /* GFButton.swift in Sources */ = {isa = PBXBuildFile; fileRef = B84ADAC82C1ACA460077648C /* GFButton.swift */; };
		B84ADACB2C1ACD550077648C /* GFTextField.swift in Sources */ = {isa = PBXBuildFile; fileRef = B84ADACA2C1ACD550077648C /* GFTextField.swift */; };
		B84ADACD2C1AD7B30077648C /* FollowerListVC.swift in Sources */ = {isa = PBXBuildFile; fileRef = B84ADACC2C1AD7B30077648C /* FollowerListVC.swift */; };
		B84ADACF2C1ADDD50077648C /* GFTitleLabel.swift in Sources */ = {isa = PBXBuildFile; fileRef = B84ADACE2C1ADDD50077648C /* GFTitleLabel.swift */; };
		B84ADAD12C1ADF540077648C /* GFBodyLabel.swift in Sources */ = {isa = PBXBuildFile; fileRef = B84ADAD02C1ADF540077648C /* GFBodyLabel.swift */; };
		B84ADAD32C1ADFED0077648C /* GFAlertVC.swift in Sources */ = {isa = PBXBuildFile; fileRef = B84ADAD22C1ADFED0077648C /* GFAlertVC.swift */; };
		B875314F2B778088000B2033 /* AppDelegate.swift in Sources */ = {isa = PBXBuildFile; fileRef = B875314E2B778088000B2033 /* AppDelegate.swift */; };
		B87531512B778088000B2033 /* SceneDelegate.swift in Sources */ = {isa = PBXBuildFile; fileRef = B87531502B778088000B2033 /* SceneDelegate.swift */; };
		B87531582B778089000B2033 /* Assets.xcassets in Resources */ = {isa = PBXBuildFile; fileRef = B87531572B778089000B2033 /* Assets.xcassets */; };
		B875315B2B778089000B2033 /* LaunchScreen.storyboard in Resources */ = {isa = PBXBuildFile; fileRef = B87531592B778089000B2033 /* LaunchScreen.storyboard */; };
		B87531662B778089000B2033 /* GitFollowersTests.swift in Sources */ = {isa = PBXBuildFile; fileRef = B87531652B778089000B2033 /* GitFollowersTests.swift */; };
		B87531702B778089000B2033 /* GitFollowersUITests.swift in Sources */ = {isa = PBXBuildFile; fileRef = B875316F2B778089000B2033 /* GitFollowersUITests.swift */; };
		B87531722B778089000B2033 /* GitFollowersUITestsLaunchTests.swift in Sources */ = {isa = PBXBuildFile; fileRef = B87531712B778089000B2033 /* GitFollowersUITestsLaunchTests.swift */; };
		B875317F2B7786EC000B2033 /* SearchVC.swift in Sources */ = {isa = PBXBuildFile; fileRef = B875317E2B7786EC000B2033 /* SearchVC.swift */; };
		B87531812B77870F000B2033 /* FavoritesListVC.swift in Sources */ = {isa = PBXBuildFile; fileRef = B87531802B77870F000B2033 /* FavoritesListVC.swift */; };
/* End PBXBuildFile section */

/* Begin PBXContainerItemProxy section */
		B87531622B778089000B2033 /* PBXContainerItemProxy */ = {
			isa = PBXContainerItemProxy;
			containerPortal = B87531432B778088000B2033 /* Project object */;
			proxyType = 1;
			remoteGlobalIDString = B875314A2B778088000B2033;
			remoteInfo = GitFollowers;
		};
		B875316C2B778089000B2033 /* PBXContainerItemProxy */ = {
			isa = PBXContainerItemProxy;
			containerPortal = B87531432B778088000B2033 /* Project object */;
			proxyType = 1;
			remoteGlobalIDString = B875314A2B778088000B2033;
			remoteInfo = GitFollowers;
		};
/* End PBXContainerItemProxy section */

/* Begin PBXFileReference section */
		B84ADAC82C1ACA460077648C /* GFButton.swift */ = {isa = PBXFileReference; lastKnownFileType = sourcecode.swift; path = GFButton.swift; sourceTree = "<group>"; };
		B84ADACA2C1ACD550077648C /* GFTextField.swift */ = {isa = PBXFileReference; lastKnownFileType = sourcecode.swift; path = GFTextField.swift; sourceTree = "<group>"; };
		B84ADACC2C1AD7B30077648C /* FollowerListVC.swift */ = {isa = PBXFileReference; lastKnownFileType = sourcecode.swift; path = FollowerListVC.swift; sourceTree = "<group>"; };
		B84ADACE2C1ADDD50077648C /* GFTitleLabel.swift */ = {isa = PBXFileReference; lastKnownFileType = sourcecode.swift; path = GFTitleLabel.swift; sourceTree = "<group>"; };
		B84ADAD02C1ADF540077648C /* GFBodyLabel.swift */ = {isa = PBXFileReference; lastKnownFileType = sourcecode.swift; path = GFBodyLabel.swift; sourceTree = "<group>"; };
		B84ADAD22C1ADFED0077648C /* GFAlertVC.swift */ = {isa = PBXFileReference; lastKnownFileType = sourcecode.swift; path = GFAlertVC.swift; sourceTree = "<group>"; };
		B875314B2B778088000B2033 /* GitFollowers.app */ = {isa = PBXFileReference; explicitFileType = wrapper.application; includeInIndex = 0; path = GitFollowers.app; sourceTree = BUILT_PRODUCTS_DIR; };
		B875314E2B778088000B2033 /* AppDelegate.swift */ = {isa = PBXFileReference; lastKnownFileType = sourcecode.swift; path = AppDelegate.swift; sourceTree = "<group>"; };
		B87531502B778088000B2033 /* SceneDelegate.swift */ = {isa = PBXFileReference; lastKnownFileType = sourcecode.swift; path = SceneDelegate.swift; sourceTree = "<group>"; };
		B87531572B778089000B2033 /* Assets.xcassets */ = {isa = PBXFileReference; lastKnownFileType = folder.assetcatalog; path = Assets.xcassets; sourceTree = "<group>"; };
		B875315A2B778089000B2033 /* Base */ = {isa = PBXFileReference; lastKnownFileType = file.storyboard; name = Base; path = Base.lproj/LaunchScreen.storyboard; sourceTree = "<group>"; };
		B875315C2B778089000B2033 /* Info.plist */ = {isa = PBXFileReference; lastKnownFileType = text.plist.xml; path = Info.plist; sourceTree = "<group>"; };
		B87531612B778089000B2033 /* GitFollowersTests.xctest */ = {isa = PBXFileReference; explicitFileType = wrapper.cfbundle; includeInIndex = 0; path = GitFollowersTests.xctest; sourceTree = BUILT_PRODUCTS_DIR; };
		B87531652B778089000B2033 /* GitFollowersTests.swift */ = {isa = PBXFileReference; lastKnownFileType = sourcecode.swift; path = GitFollowersTests.swift; sourceTree = "<group>"; };
		B875316B2B778089000B2033 /* GitFollowersUITests.xctest */ = {isa = PBXFileReference; explicitFileType = wrapper.cfbundle; includeInIndex = 0; path = GitFollowersUITests.xctest; sourceTree = BUILT_PRODUCTS_DIR; };
		B875316F2B778089000B2033 /* GitFollowersUITests.swift */ = {isa = PBXFileReference; lastKnownFileType = sourcecode.swift; path = GitFollowersUITests.swift; sourceTree = "<group>"; };
		B87531712B778089000B2033 /* GitFollowersUITestsLaunchTests.swift */ = {isa = PBXFileReference; lastKnownFileType = sourcecode.swift; path = GitFollowersUITestsLaunchTests.swift; sourceTree = "<group>"; };
		B875317E2B7786EC000B2033 /* SearchVC.swift */ = {isa = PBXFileReference; lastKnownFileType = sourcecode.swift; path = SearchVC.swift; sourceTree = "<group>"; };
		B87531802B77870F000B2033 /* FavoritesListVC.swift */ = {isa = PBXFileReference; lastKnownFileType = sourcecode.swift; path = FavoritesListVC.swift; sourceTree = "<group>"; };
/* End PBXFileReference section */

/* Begin PBXFrameworksBuildPhase section */
		B87531482B778088000B2033 /* Frameworks */ = {
			isa = PBXFrameworksBuildPhase;
			buildActionMask = 2147483647;
			files = (
			);
			runOnlyForDeploymentPostprocessing = 0;
		};
		B875315E2B778089000B2033 /* Frameworks */ = {
			isa = PBXFrameworksBuildPhase;
			buildActionMask = 2147483647;
			files = (
			);
			runOnlyForDeploymentPostprocessing = 0;
		};
		B87531682B778089000B2033 /* Frameworks */ = {
			isa = PBXFrameworksBuildPhase;
			buildActionMask = 2147483647;
			files = (
			);
			runOnlyForDeploymentPostprocessing = 0;
		};
/* End PBXFrameworksBuildPhase section */

/* Begin PBXGroup section */
		B87531422B778088000B2033 = {
			isa = PBXGroup;
			children = (
				B875314D2B778088000B2033 /* GitFollowers */,
				B87531642B778089000B2033 /* GitFollowersTests */,
				B875316E2B778089000B2033 /* GitFollowersUITests */,
				B875314C2B778088000B2033 /* Products */,
			);
			sourceTree = "<group>";
		};
		B875314C2B778088000B2033 /* Products */ = {
			isa = PBXGroup;
			children = (
				B875314B2B778088000B2033 /* GitFollowers.app */,
				B87531612B778089000B2033 /* GitFollowersTests.xctest */,
				B875316B2B778089000B2033 /* GitFollowersUITests.xctest */,
			);
			name = Products;
			sourceTree = "<group>";
		};
		B875314D2B778088000B2033 /* GitFollowers */ = {
			isa = PBXGroup;
			children = (
				B84ADAC82C1ACA460077648C /* GFButton.swift */,
				B875314E2B778088000B2033 /* AppDelegate.swift */,
				B87531502B778088000B2033 /* SceneDelegate.swift */,
				B87531572B778089000B2033 /* Assets.xcassets */,
				B87531592B778089000B2033 /* LaunchScreen.storyboard */,
				B875315C2B778089000B2033 /* Info.plist */,
				B875317E2B7786EC000B2033 /* SearchVC.swift */,
				B87531802B77870F000B2033 /* FavoritesListVC.swift */,
				B84ADACA2C1ACD550077648C /* GFTextField.swift */,
				B84ADACC2C1AD7B30077648C /* FollowerListVC.swift */,
				B84ADACE2C1ADDD50077648C /* GFTitleLabel.swift */,
				B84ADAD02C1ADF540077648C /* GFBodyLabel.swift */,
				B84ADAD22C1ADFED0077648C /* GFAlertVC.swift */,
			);
			path = GitFollowers;
			sourceTree = "<group>";
		};
		B87531642B778089000B2033 /* GitFollowersTests */ = {
			isa = PBXGroup;
			children = (
				B87531652B778089000B2033 /* GitFollowersTests.swift */,
			);
			path = GitFollowersTests;
			sourceTree = "<group>";
		};
		B875316E2B778089000B2033 /* GitFollowersUITests */ = {
			isa = PBXGroup;
			children = (
				B875316F2B778089000B2033 /* GitFollowersUITests.swift */,
				B87531712B778089000B2033 /* GitFollowersUITestsLaunchTests.swift */,
			);
			path = GitFollowersUITests;
			sourceTree = "<group>";
		};
/* End PBXGroup section */

/* Begin PBXNativeTarget section */
		B875314A2B778088000B2033 /* GitFollowers */ = {
			isa = PBXNativeTarget;
			buildConfigurationList = B87531752B778089000B2033 /* Build configuration list for PBXNativeTarget "GitFollowers" */;
			buildPhases = (
				B87531472B778088000B2033 /* Sources */,
				B87531482B778088000B2033 /* Frameworks */,
				B87531492B778088000B2033 /* Resources */,
			);
			buildRules = (
			);
			dependencies = (
			);
			name = GitFollowers;
			productName = GitFollowers;
			productReference = B875314B2B778088000B2033 /* GitFollowers.app */;
			productType = "com.apple.product-type.application";
		};
		B87531602B778089000B2033 /* GitFollowersTests */ = {
			isa = PBXNativeTarget;
			buildConfigurationList = B87531782B778089000B2033 /* Build configuration list for PBXNativeTarget "GitFollowersTests" */;
			buildPhases = (
				B875315D2B778089000B2033 /* Sources */,
				B875315E2B778089000B2033 /* Frameworks */,
				B875315F2B778089000B2033 /* Resources */,
			);
			buildRules = (
			);
			dependencies = (
				B87531632B778089000B2033 /* PBXTargetDependency */,
			);
			name = GitFollowersTests;
			productName = GitFollowersTests;
			productReference = B87531612B778089000B2033 /* GitFollowersTests.xctest */;
			productType = "com.apple.product-type.bundle.unit-test";
		};
		B875316A2B778089000B2033 /* GitFollowersUITests */ = {
			isa = PBXNativeTarget;
			buildConfigurationList = B875317B2B778089000B2033 /* Build configuration list for PBXNativeTarget "GitFollowersUITests" */;
			buildPhases = (
				B87531672B778089000B2033 /* Sources */,
				B87531682B778089000B2033 /* Frameworks */,
				B87531692B778089000B2033 /* Resources */,
			);
			buildRules = (
			);
			dependencies = (
				B875316D2B778089000B2033 /* PBXTargetDependency */,
			);
			name = GitFollowersUITests;
			productName = GitFollowersUITests;
			productReference = B875316B2B778089000B2033 /* GitFollowersUITests.xctest */;
			productType = "com.apple.product-type.bundle.ui-testing";
		};
/* End PBXNativeTarget section */

/* Begin PBXProject section */
		B87531432B778088000B2033 /* Project object */ = {
			isa = PBXProject;
			attributes = {
				BuildIndependentTargetsInParallel = 1;
				LastSwiftUpdateCheck = 1430;
				LastUpgradeCheck = 1430;
				TargetAttributes = {
					B875314A2B778088000B2033 = {
						CreatedOnToolsVersion = 14.3.1;
					};
					B87531602B778089000B2033 = {
						CreatedOnToolsVersion = 14.3.1;
						TestTargetID = B875314A2B778088000B2033;
					};
					B875316A2B778089000B2033 = {
						CreatedOnToolsVersion = 14.3.1;
						TestTargetID = B875314A2B778088000B2033;
					};
				};
			};
			buildConfigurationList = B87531462B778088000B2033 /* Build configuration list for PBXProject "GitFollowers" */;
			compatibilityVersion = "Xcode 14.0";
			developmentRegion = en;
			hasScannedForEncodings = 0;
			knownRegions = (
				en,
				Base,
			);
			mainGroup = B87531422B778088000B2033;
			productRefGroup = B875314C2B778088000B2033 /* Products */;
			projectDirPath = "";
			projectRoot = "";
			targets = (
				B875314A2B778088000B2033 /* GitFollowers */,
				B87531602B778089000B2033 /* GitFollowersTests */,
				B875316A2B778089000B2033 /* GitFollowersUITests */,
			);
		};
/* End PBXProject section */

/* Begin PBXResourcesBuildPhase section */
		B87531492B778088000B2033 /* Resources */ = {
			isa = PBXResourcesBuildPhase;
			buildActionMask = 2147483647;
			files = (
				B875315B2B778089000B2033 /* LaunchScreen.storyboard in Resources */,
				B87531582B778089000B2033 /* Assets.xcassets in Resources */,
			);
			runOnlyForDeploymentPostprocessing = 0;
		};
		B875315F2B778089000B2033 /* Resources */ = {
			isa = PBXResourcesBuildPhase;
			buildActionMask = 2147483647;
			files = (
			);
			runOnlyForDeploymentPostprocessing = 0;
		};
		B87531692B778089000B2033 /* Resources */ = {
			isa = PBXResourcesBuildPhase;
			buildActionMask = 2147483647;
			files = (
			);
			runOnlyForDeploymentPostprocessing = 0;
		};
/* End PBXResourcesBuildPhase section */

/* Begin PBXSourcesBuildPhase section */
		B87531472B778088000B2033 /* Sources */ = {
			isa = PBXSourcesBuildPhase;
			buildActionMask = 2147483647;
			files = (
				B84ADACB2C1ACD550077648C /* GFTextField.swift in Sources */,
				B875317F2B7786EC000B2033 /* SearchVC.swift in Sources */,
				B84ADAC92C1ACA460077648C /* GFButton.swift in Sources */,
				B87531812B77870F000B2033 /* FavoritesListVC.swift in Sources */,
				B84ADAD32C1ADFED0077648C /* GFAlertVC.swift in Sources */,
				B84ADAD12C1ADF540077648C /* GFBodyLabel.swift in Sources */,
				B84ADACF2C1ADDD50077648C /* GFTitleLabel.swift in Sources */,
				B84ADACD2C1AD7B30077648C /* FollowerListVC.swift in Sources */,
				B875314F2B778088000B2033 /* AppDelegate.swift in Sources */,
				B87531512B778088000B2033 /* SceneDelegate.swift in Sources */,
			);
			runOnlyForDeploymentPostprocessing = 0;
		};
		B875315D2B778089000B2033 /* Sources */ = {
			isa = PBXSourcesBuildPhase;
			buildActionMask = 2147483647;
			files = (
				B87531662B778089000B2033 /* GitFollowersTests.swift in Sources */,
			);
			runOnlyForDeploymentPostprocessing = 0;
		};
		B87531672B778089000B2033 /* Sources */ = {
			isa = PBXSourcesBuildPhase;
			buildActionMask = 2147483647;
			files = (
				B87531702B778089000B2033 /* GitFollowersUITests.swift in Sources */,
				B87531722B778089000B2033 /* GitFollowersUITestsLaunchTests.swift in Sources */,
			);
			runOnlyForDeploymentPostprocessing = 0;
		};
/* End PBXSourcesBuildPhase section */

/* Begin PBXTargetDependency section */
		B87531632B778089000B2033 /* PBXTargetDependency */ = {
			isa = PBXTargetDependency;
			target = B875314A2B778088000B2033 /* GitFollowers */;
			targetProxy = B87531622B778089000B2033 /* PBXContainerItemProxy */;
		};
		B875316D2B778089000B2033 /* PBXTargetDependency */ = {
			isa = PBXTargetDependency;
			target = B875314A2B778088000B2033 /* GitFollowers */;
			targetProxy = B875316C2B778089000B2033 /* PBXContainerItemProxy */;
		};
/* End PBXTargetDependency section */

/* Begin PBXVariantGroup section */
		B87531592B778089000B2033 /* LaunchScreen.storyboard */ = {
			isa = PBXVariantGroup;
			children = (
				B875315A2B778089000B2033 /* Base */,
			);
			name = LaunchScreen.storyboard;
			sourceTree = "<group>";
		};
/* End PBXVariantGroup section */

/* Begin XCBuildConfiguration section */
		B87531732B778089000B2033 /* Debug */ = {
			isa = XCBuildConfiguration;
			buildSettings = {
				ALWAYS_SEARCH_USER_PATHS = NO;
				CLANG_ANALYZER_NONNULL = YES;
				CLANG_ANALYZER_NUMBER_OBJECT_CONVERSION = YES_AGGRESSIVE;
				CLANG_CXX_LANGUAGE_STANDARD = "gnu++20";
				CLANG_ENABLE_MODULES = YES;
				CLANG_ENABLE_OBJC_ARC = YES;
				CLANG_ENABLE_OBJC_WEAK = YES;
				CLANG_WARN_BLOCK_CAPTURE_AUTORELEASING = YES;
				CLANG_WARN_BOOL_CONVERSION = YES;
				CLANG_WARN_COMMA = YES;
				CLANG_WARN_CONSTANT_CONVERSION = YES;
				CLANG_WARN_DEPRECATED_OBJC_IMPLEMENTATIONS = YES;
				CLANG_WARN_DIRECT_OBJC_ISA_USAGE = YES_ERROR;
				CLANG_WARN_DOCUMENTATION_COMMENTS = YES;
				CLANG_WARN_EMPTY_BODY = YES;
				CLANG_WARN_ENUM_CONVERSION = YES;
				CLANG_WARN_INFINITE_RECURSION = YES;
				CLANG_WARN_INT_CONVERSION = YES;
				CLANG_WARN_NON_LITERAL_NULL_CONVERSION = YES;
				CLANG_WARN_OBJC_IMPLICIT_RETAIN_SELF = YES;
				CLANG_WARN_OBJC_LITERAL_CONVERSION = YES;
				CLANG_WARN_OBJC_ROOT_CLASS = YES_ERROR;
				CLANG_WARN_QUOTED_INCLUDE_IN_FRAMEWORK_HEADER = YES;
				CLANG_WARN_RANGE_LOOP_ANALYSIS = YES;
				CLANG_WARN_STRICT_PROTOTYPES = YES;
				CLANG_WARN_SUSPICIOUS_MOVE = YES;
				CLANG_WARN_UNGUARDED_AVAILABILITY = YES_AGGRESSIVE;
				CLANG_WARN_UNREACHABLE_CODE = YES;
				CLANG_WARN__DUPLICATE_METHOD_MATCH = YES;
				COPY_PHASE_STRIP = NO;
				DEBUG_INFORMATION_FORMAT = dwarf;
				ENABLE_STRICT_OBJC_MSGSEND = YES;
				ENABLE_TESTABILITY = YES;
				GCC_C_LANGUAGE_STANDARD = gnu11;
				GCC_DYNAMIC_NO_PIC = NO;
				GCC_NO_COMMON_BLOCKS = YES;
				GCC_OPTIMIZATION_LEVEL = 0;
				GCC_PREPROCESSOR_DEFINITIONS = (
					"DEBUG=1",
					"$(inherited)",
				);
				GCC_WARN_64_TO_32_BIT_CONVERSION = YES;
				GCC_WARN_ABOUT_RETURN_TYPE = YES_ERROR;
				GCC_WARN_UNDECLARED_SELECTOR = YES;
				GCC_WARN_UNINITIALIZED_AUTOS = YES_AGGRESSIVE;
				GCC_WARN_UNUSED_FUNCTION = YES;
				GCC_WARN_UNUSED_VARIABLE = YES;
				IPHONEOS_DEPLOYMENT_TARGET = 16.4;
				MTL_ENABLE_DEBUG_INFO = INCLUDE_SOURCE;
				MTL_FAST_MATH = YES;
				ONLY_ACTIVE_ARCH = YES;
				SDKROOT = iphoneos;
				SWIFT_ACTIVE_COMPILATION_CONDITIONS = DEBUG;
				SWIFT_OPTIMIZATION_LEVEL = "-Onone";
			};
			name = Debug;
		};
		B87531742B778089000B2033 /* Release */ = {
			isa = XCBuildConfiguration;
			buildSettings = {
				ALWAYS_SEARCH_USER_PATHS = NO;
				CLANG_ANALYZER_NONNULL = YES;
				CLANG_ANALYZER_NUMBER_OBJECT_CONVERSION = YES_AGGRESSIVE;
				CLANG_CXX_LANGUAGE_STANDARD = "gnu++20";
				CLANG_ENABLE_MODULES = YES;
				CLANG_ENABLE_OBJC_ARC = YES;
				CLANG_ENABLE_OBJC_WEAK = YES;
				CLANG_WARN_BLOCK_CAPTURE_AUTORELEASING = YES;
				CLANG_WARN_BOOL_CONVERSION = YES;
				CLANG_WARN_COMMA = YES;
				CLANG_WARN_CONSTANT_CONVERSION = YES;
				CLANG_WARN_DEPRECATED_OBJC_IMPLEMENTATIONS = YES;
				CLANG_WARN_DIRECT_OBJC_ISA_USAGE = YES_ERROR;
				CLANG_WARN_DOCUMENTATION_COMMENTS = YES;
				CLANG_WARN_EMPTY_BODY = YES;
				CLANG_WARN_ENUM_CONVERSION = YES;
				CLANG_WARN_INFINITE_RECURSION = YES;
				CLANG_WARN_INT_CONVERSION = YES;
				CLANG_WARN_NON_LITERAL_NULL_CONVERSION = YES;
				CLANG_WARN_OBJC_IMPLICIT_RETAIN_SELF = YES;
				CLANG_WARN_OBJC_LITERAL_CONVERSION = YES;
				CLANG_WARN_OBJC_ROOT_CLASS = YES_ERROR;
				CLANG_WARN_QUOTED_INCLUDE_IN_FRAMEWORK_HEADER = YES;
				CLANG_WARN_RANGE_LOOP_ANALYSIS = YES;
				CLANG_WARN_STRICT_PROTOTYPES = YES;
				CLANG_WARN_SUSPICIOUS_MOVE = YES;
				CLANG_WARN_UNGUARDED_AVAILABILITY = YES_AGGRESSIVE;
				CLANG_WARN_UNREACHABLE_CODE = YES;
				CLANG_WARN__DUPLICATE_METHOD_MATCH = YES;
				COPY_PHASE_STRIP = NO;
				DEBUG_INFORMATION_FORMAT = "dwarf-with-dsym";
				ENABLE_NS_ASSERTIONS = NO;
				ENABLE_STRICT_OBJC_MSGSEND = YES;
				GCC_C_LANGUAGE_STANDARD = gnu11;
				GCC_NO_COMMON_BLOCKS = YES;
				GCC_WARN_64_TO_32_BIT_CONVERSION = YES;
				GCC_WARN_ABOUT_RETURN_TYPE = YES_ERROR;
				GCC_WARN_UNDECLARED_SELECTOR = YES;
				GCC_WARN_UNINITIALIZED_AUTOS = YES_AGGRESSIVE;
				GCC_WARN_UNUSED_FUNCTION = YES;
				GCC_WARN_UNUSED_VARIABLE = YES;
				IPHONEOS_DEPLOYMENT_TARGET = 16.4;
				MTL_ENABLE_DEBUG_INFO = NO;
				MTL_FAST_MATH = YES;
				SDKROOT = iphoneos;
				SWIFT_COMPILATION_MODE = wholemodule;
				SWIFT_OPTIMIZATION_LEVEL = "-O";
				VALIDATE_PRODUCT = YES;
			};
			name = Release;
		};
		B87531762B778089000B2033 /* Debug */ = {
			isa = XCBuildConfiguration;
			buildSettings = {
				ASSETCATALOG_COMPILER_APPICON_NAME = AppIcon;
				ASSETCATALOG_COMPILER_GLOBAL_ACCENT_COLOR_NAME = AccentColor;
				CODE_SIGN_STYLE = Automatic;
				CURRENT_PROJECT_VERSION = 1;
				GENERATE_INFOPLIST_FILE = YES;
				INFOPLIST_FILE = GitFollowers/Info.plist;
				INFOPLIST_KEY_UIApplicationSupportsIndirectInputEvents = YES;
				INFOPLIST_KEY_UILaunchStoryboardName = LaunchScreen;
				INFOPLIST_KEY_UISupportedInterfaceOrientations = UIInterfaceOrientationPortrait;
				INFOPLIST_KEY_UISupportedInterfaceOrientations_iPad = "UIInterfaceOrientationPortrait UIInterfaceOrientationPortraitUpsideDown";
				IPHONEOS_DEPLOYMENT_TARGET = 13.0;
				LD_RUNPATH_SEARCH_PATHS = (
					"$(inherited)",
					"@executable_path/Frameworks",
				);
				MARKETING_VERSION = 1.0;
				PRODUCT_BUNDLE_IDENTIFIER = com.lenibonje.GitFollowers;
				PRODUCT_NAME = "$(TARGET_NAME)";
				SUPPORTED_PLATFORMS = "iphoneos iphonesimulator";
				SUPPORTS_MACCATALYST = NO;
				SUPPORTS_MAC_DESIGNED_FOR_IPHONE_IPAD = NO;
				SWIFT_EMIT_LOC_STRINGS = YES;
				SWIFT_VERSION = 5.0;
				TARGETED_DEVICE_FAMILY = 1;
			};
			name = Debug;
		};
		B87531772B778089000B2033 /* Release */ = {
			isa = XCBuildConfiguration;
			buildSettings = {
				ASSETCATALOG_COMPILER_APPICON_NAME = AppIcon;
				ASSETCATALOG_COMPILER_GLOBAL_ACCENT_COLOR_NAME = AccentColor;
				CODE_SIGN_STYLE = Automatic;
				CURRENT_PROJECT_VERSION = 1;
				GENERATE_INFOPLIST_FILE = YES;
				INFOPLIST_FILE = GitFollowers/Info.plist;
				INFOPLIST_KEY_UIApplicationSupportsIndirectInputEvents = YES;
				INFOPLIST_KEY_UILaunchStoryboardName = LaunchScreen;
				INFOPLIST_KEY_UISupportedInterfaceOrientations = UIInterfaceOrientationPortrait;
				INFOPLIST_KEY_UISupportedInterfaceOrientations_iPad = "UIInterfaceOrientationPortrait UIInterfaceOrientationPortraitUpsideDown";
				IPHONEOS_DEPLOYMENT_TARGET = 13.0;
				LD_RUNPATH_SEARCH_PATHS = (
					"$(inherited)",
					"@executable_path/Frameworks",
				);
				MARKETING_VERSION = 1.0;
				PRODUCT_BUNDLE_IDENTIFIER = com.lenibonje.GitFollowers;
				PRODUCT_NAME = "$(TARGET_NAME)";
				SUPPORTED_PLATFORMS = "iphoneos iphonesimulator";
				SUPPORTS_MACCATALYST = NO;
				SUPPORTS_MAC_DESIGNED_FOR_IPHONE_IPAD = NO;
				SWIFT_EMIT_LOC_STRINGS = YES;
				SWIFT_VERSION = 5.0;
				TARGETED_DEVICE_FAMILY = 1;
			};
			name = Release;
		};
		B87531792B778089000B2033 /* Debug */ = {
			isa = XCBuildConfiguration;
			buildSettings = {
				ALWAYS_EMBED_SWIFT_STANDARD_LIBRARIES = YES;
				BUNDLE_LOADER = "$(TEST_HOST)";
				CODE_SIGN_STYLE = Automatic;
				CURRENT_PROJECT_VERSION = 1;
				GENERATE_INFOPLIST_FILE = YES;
				IPHONEOS_DEPLOYMENT_TARGET = 16.4;
				MARKETING_VERSION = 1.0;
				PRODUCT_BUNDLE_IDENTIFIER = com.lenibonje.GitFollowersTests;
				PRODUCT_NAME = "$(TARGET_NAME)";
				SWIFT_EMIT_LOC_STRINGS = NO;
				SWIFT_VERSION = 5.0;
				TARGETED_DEVICE_FAMILY = "1,2";
				TEST_HOST = "$(BUILT_PRODUCTS_DIR)/GitFollowers.app/$(BUNDLE_EXECUTABLE_FOLDER_PATH)/GitFollowers";
			};
			name = Debug;
		};
		B875317A2B778089000B2033 /* Release */ = {
			isa = XCBuildConfiguration;
			buildSettings = {
				ALWAYS_EMBED_SWIFT_STANDARD_LIBRARIES = YES;
				BUNDLE_LOADER = "$(TEST_HOST)";
				CODE_SIGN_STYLE = Automatic;
				CURRENT_PROJECT_VERSION = 1;
				GENERATE_INFOPLIST_FILE = YES;
				IPHONEOS_DEPLOYMENT_TARGET = 16.4;
				MARKETING_VERSION = 1.0;
				PRODUCT_BUNDLE_IDENTIFIER = com.lenibonje.GitFollowersTests;
				PRODUCT_NAME = "$(TARGET_NAME)";
				SWIFT_EMIT_LOC_STRINGS = NO;
				SWIFT_VERSION = 5.0;
				TARGETED_DEVICE_FAMILY = "1,2";
				TEST_HOST = "$(BUILT_PRODUCTS_DIR)/GitFollowers.app/$(BUNDLE_EXECUTABLE_FOLDER_PATH)/GitFollowers";
			};
			name = Release;
		};
		B875317C2B778089000B2033 /* Debug */ = {
			isa = XCBuildConfiguration;
			buildSettings = {
				ALWAYS_EMBED_SWIFT_STANDARD_LIBRARIES = YES;
				CODE_SIGN_STYLE = Automatic;
				CURRENT_PROJECT_VERSION = 1;
				GENERATE_INFOPLIST_FILE = YES;
				MARKETING_VERSION = 1.0;
				PRODUCT_BUNDLE_IDENTIFIER = com.lenibonje.GitFollowersUITests;
				PRODUCT_NAME = "$(TARGET_NAME)";
				SWIFT_EMIT_LOC_STRINGS = NO;
				SWIFT_VERSION = 5.0;
				TARGETED_DEVICE_FAMILY = "1,2";
				TEST_TARGET_NAME = GitFollowers;
			};
			name = Debug;
		};
		B875317D2B778089000B2033 /* Release */ = {
			isa = XCBuildConfiguration;
			buildSettings = {
				ALWAYS_EMBED_SWIFT_STANDARD_LIBRARIES = YES;
				CODE_SIGN_STYLE = Automatic;
				CURRENT_PROJECT_VERSION = 1;
				GENERATE_INFOPLIST_FILE = YES;
				MARKETING_VERSION = 1.0;
				PRODUCT_BUNDLE_IDENTIFIER = com.lenibonje.GitFollowersUITests;
				PRODUCT_NAME = "$(TARGET_NAME)";
				SWIFT_EMIT_LOC_STRINGS = NO;
				SWIFT_VERSION = 5.0;
				TARGETED_DEVICE_FAMILY = "1,2";
				TEST_TARGET_NAME = GitFollowers;
			};
			name = Release;
		};
/* End XCBuildConfiguration section */

/* Begin XCConfigurationList section */
		B87531462B778088000B2033 /* Build configuration list for PBXProject "GitFollowers" */ = {
			isa = XCConfigurationList;
			buildConfigurations = (
				B87531732B778089000B2033 /* Debug */,
				B87531742B778089000B2033 /* Release */,
			);
			defaultConfigurationIsVisible = 0;
			defaultConfigurationName = Release;
		};
		B87531752B778089000B2033 /* Build configuration list for PBXNativeTarget "GitFollowers" */ = {
			isa = XCConfigurationList;
			buildConfigurations = (
				B87531762B778089000B2033 /* Debug */,
				B87531772B778089000B2033 /* Release */,
			);
			defaultConfigurationIsVisible = 0;
			defaultConfigurationName = Release;
		};
		B87531782B778089000B2033 /* Build configuration list for PBXNativeTarget "GitFollowersTests" */ = {
			isa = XCConfigurationList;
			buildConfigurations = (
				B87531792B778089000B2033 /* Debug */,
				B875317A2B778089000B2033 /* Release */,
			);
			defaultConfigurationIsVisible = 0;
			defaultConfigurationName = Release;
		};
		B875317B2B778089000B2033 /* Build configuration list for PBXNativeTarget "GitFollowersUITests" */ = {
			isa = XCConfigurationList;
			buildConfigurations = (
				B875317C2B778089000B2033 /* Debug */,
				B875317D2B778089000B2033 /* Release */,
			);
			defaultConfigurationIsVisible = 0;
			defaultConfigurationName = Release;
		};
/* End XCConfigurationList section */
	};
	rootObject = B87531432B778088000B2033 /* Project object */;
}
